
Microsoft Visual Studio Solution File, Format Version 12.00
Project("{FAE04EC0-301F-11D3-BF4B-00C04F79EFBC}") = "PrototypeDM", "PrototypeDM\PrototypeDM.csproj", "{5272342E-34FF-42E7-B217-F68AEC6499B8}"
EndProject
Global
	GlobalSection(SolutionConfigurationPlatforms) = preSolution
		Debug|Any CPU = Debug|Any CPU
		Release|Any CPU = Release|Any CPU
	EndGlobalSection
	GlobalSection(ProjectConfigurationPlatforms) = postSolution
		{5272342E-34FF-42E7-B217-F68AEC6499B8}.Debug|Any CPU.ActiveCfg = Debug|Any CPU
		{5272342E-34FF-42E7-B217-F68AEC6499B8}.Debug|Any CPU.Build.0 = Debug|Any CPU
		{5272342E-34FF-42E7-B217-F68AEC6499B8}.Release|Any CPU.ActiveCfg = Release|Any CPU
		{5272342E-34FF-42E7-B217-F68AEC6499B8}.Release|Any CPU.Build.0 = Release|Any CPU
	EndGlobalSection
EndGlobal
